// !$*UTF8*$!
{
	archiveVersion = 1;
	classes = {
	};
	objectVersion = 50;
	objects = {

/* Begin PBXBuildFile section */
		49CB4C4A238D93BE00DFDAD4 /* CloudManager.swift in Sources */ = {isa = PBXBuildFile; fileRef = 49CB4C49238D93BE00DFDAD4 /* CloudManager.swift */; };
		49EB44C123871068002F434D /* AppDelegate.swift in Sources */ = {isa = PBXBuildFile; fileRef = 49EB44C023871068002F434D /* AppDelegate.swift */; };
		49EB44C323871068002F434D /* ViewController.swift in Sources */ = {isa = PBXBuildFile; fileRef = 49EB44C223871068002F434D /* ViewController.swift */; };
		49EB44C623871068002F434D /* Main.storyboard in Resources */ = {isa = PBXBuildFile; fileRef = 49EB44C423871068002F434D /* Main.storyboard */; };
		49EB44C923871068002F434D /* MeetingTV.xcdatamodeld in Sources */ = {isa = PBXBuildFile; fileRef = 49EB44C723871068002F434D /* MeetingTV.xcdatamodeld */; };
		49EB44CB2387106A002F434D /* Assets.xcassets in Resources */ = {isa = PBXBuildFile; fileRef = 49EB44CA2387106A002F434D /* Assets.xcassets */; };
		49EB44CE2387106A002F434D /* LaunchScreen.storyboard in Resources */ = {isa = PBXBuildFile; fileRef = 49EB44CC2387106A002F434D /* LaunchScreen.storyboard */; };
		A45097B2238DAB0E009AB71E /* MeetingAdvertiserPeer.swift in Sources */ = {isa = PBXBuildFile; fileRef = A45097B1238DAB0E009AB71E /* MeetingAdvertiserPeer.swift */; };
		A4533FF3238C57D70089257A /* CloudKit.framework in Frameworks */ = {isa = PBXBuildFile; fileRef = A4533FF2238C57D70089257A /* CloudKit.framework */; };
/* End PBXBuildFile section */

/* Begin PBXFileReference section */
		49CB4C49238D93BE00DFDAD4 /* CloudManager.swift */ = {isa = PBXFileReference; lastKnownFileType = sourcecode.swift; path = CloudManager.swift; sourceTree = "<group>"; };
		49EB44BD23871068002F434D /* MeetingTV.app */ = {isa = PBXFileReference; explicitFileType = wrapper.application; includeInIndex = 0; path = MeetingTV.app; sourceTree = BUILT_PRODUCTS_DIR; };
		49EB44C023871068002F434D /* AppDelegate.swift */ = {isa = PBXFileReference; lastKnownFileType = sourcecode.swift; path = AppDelegate.swift; sourceTree = "<group>"; };
		49EB44C223871068002F434D /* ViewController.swift */ = {isa = PBXFileReference; lastKnownFileType = sourcecode.swift; path = ViewController.swift; sourceTree = "<group>"; };
		49EB44C523871068002F434D /* Base */ = {isa = PBXFileReference; lastKnownFileType = file.storyboard; name = Base; path = Base.lproj/Main.storyboard; sourceTree = "<group>"; };
		49EB44C823871068002F434D /* MeetingTV.xcdatamodel */ = {isa = PBXFileReference; lastKnownFileType = wrapper.xcdatamodel; path = MeetingTV.xcdatamodel; sourceTree = "<group>"; };
		49EB44CA2387106A002F434D /* Assets.xcassets */ = {isa = PBXFileReference; lastKnownFileType = folder.assetcatalog; path = Assets.xcassets; sourceTree = "<group>"; };
		49EB44CD2387106A002F434D /* Base */ = {isa = PBXFileReference; lastKnownFileType = file.storyboard; name = Base; path = Base.lproj/LaunchScreen.storyboard; sourceTree = "<group>"; };
		49EB44CF2387106A002F434D /* Info.plist */ = {isa = PBXFileReference; lastKnownFileType = text.plist.xml; path = Info.plist; sourceTree = "<group>"; };
		A45097B1238DAB0E009AB71E /* MeetingAdvertiserPeer.swift */ = {isa = PBXFileReference; lastKnownFileType = sourcecode.swift; path = MeetingAdvertiserPeer.swift; sourceTree = "<group>"; };
		A4533FF0238C57D00089257A /* MeetingTV.entitlements */ = {isa = PBXFileReference; lastKnownFileType = text.plist.entitlements; path = MeetingTV.entitlements; sourceTree = "<group>"; };
		A4533FF2238C57D70089257A /* CloudKit.framework */ = {isa = PBXFileReference; lastKnownFileType = wrapper.framework; name = CloudKit.framework; path = System/Library/Frameworks/CloudKit.framework; sourceTree = SDKROOT; };
/* End PBXFileReference section */

/* Begin PBXFrameworksBuildPhase section */
		49EB44BA23871068002F434D /* Frameworks */ = {
			isa = PBXFrameworksBuildPhase;
			buildActionMask = 2147483647;
			files = (
				A4533FF3238C57D70089257A /* CloudKit.framework in Frameworks */,
			);
			runOnlyForDeploymentPostprocessing = 0;
		};
/* End PBXFrameworksBuildPhase section */

/* Begin PBXGroup section */
		49CB4C48238D939600DFDAD4 /* CloudKit */ = {
			isa = PBXGroup;
			children = (
				49CB4C49238D93BE00DFDAD4 /* CloudManager.swift */,
			);
			path = CloudKit;
			sourceTree = "<group>";
		};
		49EB44B423871068002F434D = {
			isa = PBXGroup;
			children = (
				49EB44BF23871068002F434D /* MeetingTV */,
				49EB44BE23871068002F434D /* Products */,
				A4533FF1238C57D70089257A /* Frameworks */,
			);
			sourceTree = "<group>";
		};
		49EB44BE23871068002F434D /* Products */ = {
			isa = PBXGroup;
			children = (
				49EB44BD23871068002F434D /* MeetingTV.app */,
			);
			name = Products;
			sourceTree = "<group>";
		};
		49EB44BF23871068002F434D /* MeetingTV */ = {
			isa = PBXGroup;
			children = (
				A4533FF0238C57D00089257A /* MeetingTV.entitlements */,
				49EB44C023871068002F434D /* AppDelegate.swift */,
				49CB4C48238D939600DFDAD4 /* CloudKit */,
				49EB44C223871068002F434D /* ViewController.swift */,
				49EB44C423871068002F434D /* Main.storyboard */,
				A45097B3238DAB16009AB71E /* Multipeer Connectivity */,
				49EB44CA2387106A002F434D /* Assets.xcassets */,
				49EB44CC2387106A002F434D /* LaunchScreen.storyboard */,
				49EB44CF2387106A002F434D /* Info.plist */,
				49EB44C723871068002F434D /* MeetingTV.xcdatamodeld */,
			);
			path = MeetingTV;
			sourceTree = "<group>";
		};
		A45097B3238DAB16009AB71E /* Multipeer Connectivity */ = {
			isa = PBXGroup;
			children = (
				A45097B1238DAB0E009AB71E /* MeetingAdvertiserPeer.swift */,
			);
			path = "Multipeer Connectivity";
			sourceTree = "<group>";
		};
		A4533FF1238C57D70089257A /* Frameworks */ = {
			isa = PBXGroup;
			children = (
				A4533FF2238C57D70089257A /* CloudKit.framework */,
			);
			name = Frameworks;
			sourceTree = "<group>";
		};
/* End PBXGroup section */

/* Begin PBXNativeTarget section */
		49EB44BC23871068002F434D /* MeetingTV */ = {
			isa = PBXNativeTarget;
			buildConfigurationList = 49EB44D22387106A002F434D /* Build configuration list for PBXNativeTarget "MeetingTV" */;
			buildPhases = (
				49EB44B923871068002F434D /* Sources */,
				49EB44BA23871068002F434D /* Frameworks */,
				49EB44BB23871068002F434D /* Resources */,
			);
			buildRules = (
			);
			dependencies = (
			);
			name = MeetingTV;
			productName = MeetingTV;
			productReference = 49EB44BD23871068002F434D /* MeetingTV.app */;
			productType = "com.apple.product-type.application";
		};
/* End PBXNativeTarget section */

/* Begin PBXProject section */
		49EB44B523871068002F434D /* Project object */ = {
			isa = PBXProject;
			attributes = {
				LastSwiftUpdateCheck = 1120;
				LastUpgradeCheck = 1120;
				ORGANIZATIONNAME = "Bernardo Nunes";
				TargetAttributes = {
					49EB44BC23871068002F434D = {
						CreatedOnToolsVersion = 11.2.1;
					};
				};
			};
			buildConfigurationList = 49EB44B823871068002F434D /* Build configuration list for PBXProject "MeetingTV" */;
			compatibilityVersion = "Xcode 9.3";
			developmentRegion = en;
			hasScannedForEncodings = 0;
			knownRegions = (
				en,
				Base,
			);
			mainGroup = 49EB44B423871068002F434D;
			productRefGroup = 49EB44BE23871068002F434D /* Products */;
			projectDirPath = "";
			projectRoot = "";
			targets = (
				49EB44BC23871068002F434D /* MeetingTV */,
			);
		};
/* End PBXProject section */

/* Begin PBXResourcesBuildPhase section */
		49EB44BB23871068002F434D /* Resources */ = {
			isa = PBXResourcesBuildPhase;
			buildActionMask = 2147483647;
			files = (
				49EB44CE2387106A002F434D /* LaunchScreen.storyboard in Resources */,
				49EB44CB2387106A002F434D /* Assets.xcassets in Resources */,
				49EB44C623871068002F434D /* Main.storyboard in Resources */,
			);
			runOnlyForDeploymentPostprocessing = 0;
		};
/* End PBXResourcesBuildPhase section */

/* Begin PBXSourcesBuildPhase section */
		49EB44B923871068002F434D /* Sources */ = {
			isa = PBXSourcesBuildPhase;
			buildActionMask = 2147483647;
			files = (
				49EB44C323871068002F434D /* ViewController.swift in Sources */,
				49EB44C923871068002F434D /* MeetingTV.xcdatamodeld in Sources */,
				49EB44C123871068002F434D /* AppDelegate.swift in Sources */,
				A45097B2238DAB0E009AB71E /* MeetingAdvertiserPeer.swift in Sources */,
				49CB4C4A238D93BE00DFDAD4 /* CloudManager.swift in Sources */,
			);
			runOnlyForDeploymentPostprocessing = 0;
		};
/* End PBXSourcesBuildPhase section */

/* Begin PBXVariantGroup section */
		49EB44C423871068002F434D /* Main.storyboard */ = {
			isa = PBXVariantGroup;
			children = (
				49EB44C523871068002F434D /* Base */,
			);
			name = Main.storyboard;
			sourceTree = "<group>";
		};
		49EB44CC2387106A002F434D /* LaunchScreen.storyboard */ = {
			isa = PBXVariantGroup;
			children = (
				49EB44CD2387106A002F434D /* Base */,
			);
			name = LaunchScreen.storyboard;
			sourceTree = "<group>";
		};
/* End PBXVariantGroup section */

/* Begin XCBuildConfiguration section */
		49EB44D02387106A002F434D /* Debug */ = {
			isa = XCBuildConfiguration;
			buildSettings = {
				ALWAYS_SEARCH_USER_PATHS = NO;
				CLANG_ANALYZER_NONNULL = YES;
				CLANG_ANALYZER_NUMBER_OBJECT_CONVERSION = YES_AGGRESSIVE;
				CLANG_CXX_LANGUAGE_STANDARD = "gnu++14";
				CLANG_CXX_LIBRARY = "libc++";
				CLANG_ENABLE_MODULES = YES;
				CLANG_ENABLE_OBJC_ARC = YES;
				CLANG_ENABLE_OBJC_WEAK = YES;
				CLANG_WARN_BLOCK_CAPTURE_AUTORELEASING = YES;
				CLANG_WARN_BOOL_CONVERSION = YES;
				CLANG_WARN_COMMA = YES;
				CLANG_WARN_CONSTANT_CONVERSION = YES;
				CLANG_WARN_DEPRECATED_OBJC_IMPLEMENTATIONS = YES;
				CLANG_WARN_DIRECT_OBJC_ISA_USAGE = YES_ERROR;
				CLANG_WARN_DOCUMENTATION_COMMENTS = YES;
				CLANG_WARN_EMPTY_BODY = YES;
				CLANG_WARN_ENUM_CONVERSION = YES;
				CLANG_WARN_INFINITE_RECURSION = YES;
				CLANG_WARN_INT_CONVERSION = YES;
				CLANG_WARN_NON_LITERAL_NULL_CONVERSION = YES;
				CLANG_WARN_OBJC_IMPLICIT_RETAIN_SELF = YES;
				CLANG_WARN_OBJC_LITERAL_CONVERSION = YES;
				CLANG_WARN_OBJC_ROOT_CLASS = YES_ERROR;
				CLANG_WARN_RANGE_LOOP_ANALYSIS = YES;
				CLANG_WARN_STRICT_PROTOTYPES = YES;
				CLANG_WARN_SUSPICIOUS_MOVE = YES;
				CLANG_WARN_UNGUARDED_AVAILABILITY = YES_AGGRESSIVE;
				CLANG_WARN_UNREACHABLE_CODE = YES;
				CLANG_WARN__DUPLICATE_METHOD_MATCH = YES;
				COPY_PHASE_STRIP = NO;
				DEBUG_INFORMATION_FORMAT = dwarf;
				ENABLE_STRICT_OBJC_MSGSEND = YES;
				ENABLE_TESTABILITY = YES;
				GCC_C_LANGUAGE_STANDARD = gnu11;
				GCC_DYNAMIC_NO_PIC = NO;
				GCC_NO_COMMON_BLOCKS = YES;
				GCC_OPTIMIZATION_LEVEL = 0;
				GCC_PREPROCESSOR_DEFINITIONS = (
					"DEBUG=1",
					"$(inherited)",
				);
				GCC_WARN_64_TO_32_BIT_CONVERSION = YES;
				GCC_WARN_ABOUT_RETURN_TYPE = YES_ERROR;
				GCC_WARN_UNDECLARED_SELECTOR = YES;
				GCC_WARN_UNINITIALIZED_AUTOS = YES_AGGRESSIVE;
				GCC_WARN_UNUSED_FUNCTION = YES;
				GCC_WARN_UNUSED_VARIABLE = YES;
				MTL_ENABLE_DEBUG_INFO = INCLUDE_SOURCE;
				MTL_FAST_MATH = YES;
				ONLY_ACTIVE_ARCH = YES;
				SDKROOT = appletvos;
				SWIFT_ACTIVE_COMPILATION_CONDITIONS = DEBUG;
				SWIFT_OPTIMIZATION_LEVEL = "-Onone";
				TVOS_DEPLOYMENT_TARGET = 13.2;
			};
			name = Debug;
		};
		49EB44D12387106A002F434D /* Release */ = {
			isa = XCBuildConfiguration;
			buildSettings = {
				ALWAYS_SEARCH_USER_PATHS = NO;
				CLANG_ANALYZER_NONNULL = YES;
				CLANG_ANALYZER_NUMBER_OBJECT_CONVERSION = YES_AGGRESSIVE;
				CLANG_CXX_LANGUAGE_STANDARD = "gnu++14";
				CLANG_CXX_LIBRARY = "libc++";
				CLANG_ENABLE_MODULES = YES;
				CLANG_ENABLE_OBJC_ARC = YES;
				CLANG_ENABLE_OBJC_WEAK = YES;
				CLANG_WARN_BLOCK_CAPTURE_AUTORELEASING = YES;
				CLANG_WARN_BOOL_CONVERSION = YES;
				CLANG_WARN_COMMA = YES;
				CLANG_WARN_CONSTANT_CONVERSION = YES;
				CLANG_WARN_DEPRECATED_OBJC_IMPLEMENTATIONS = YES;
				CLANG_WARN_DIRECT_OBJC_ISA_USAGE = YES_ERROR;
				CLANG_WARN_DOCUMENTATION_COMMENTS = YES;
				CLANG_WARN_EMPTY_BODY = YES;
				CLANG_WARN_ENUM_CONVERSION = YES;
				CLANG_WARN_INFINITE_RECURSION = YES;
				CLANG_WARN_INT_CONVERSION = YES;
				CLANG_WARN_NON_LITERAL_NULL_CONVERSION = YES;
				CLANG_WARN_OBJC_IMPLICIT_RETAIN_SELF = YES;
				CLANG_WARN_OBJC_LITERAL_CONVERSION = YES;
				CLANG_WARN_OBJC_ROOT_CLASS = YES_ERROR;
				CLANG_WARN_RANGE_LOOP_ANALYSIS = YES;
				CLANG_WARN_STRICT_PROTOTYPES = YES;
				CLANG_WARN_SUSPICIOUS_MOVE = YES;
				CLANG_WARN_UNGUARDED_AVAILABILITY = YES_AGGRESSIVE;
				CLANG_WARN_UNREACHABLE_CODE = YES;
				CLANG_WARN__DUPLICATE_METHOD_MATCH = YES;
				COPY_PHASE_STRIP = NO;
				DEBUG_INFORMATION_FORMAT = "dwarf-with-dsym";
				ENABLE_NS_ASSERTIONS = NO;
				ENABLE_STRICT_OBJC_MSGSEND = YES;
				GCC_C_LANGUAGE_STANDARD = gnu11;
				GCC_NO_COMMON_BLOCKS = YES;
				GCC_WARN_64_TO_32_BIT_CONVERSION = YES;
				GCC_WARN_ABOUT_RETURN_TYPE = YES_ERROR;
				GCC_WARN_UNDECLARED_SELECTOR = YES;
				GCC_WARN_UNINITIALIZED_AUTOS = YES_AGGRESSIVE;
				GCC_WARN_UNUSED_FUNCTION = YES;
				GCC_WARN_UNUSED_VARIABLE = YES;
				MTL_ENABLE_DEBUG_INFO = NO;
				MTL_FAST_MATH = YES;
				SDKROOT = appletvos;
				SWIFT_COMPILATION_MODE = wholemodule;
				SWIFT_OPTIMIZATION_LEVEL = "-O";
				TVOS_DEPLOYMENT_TARGET = 13.2;
				VALIDATE_PRODUCT = YES;
			};
			name = Release;
		};
		49EB44D32387106A002F434D /* Debug */ = {
			isa = XCBuildConfiguration;
			buildSettings = {
				ASSETCATALOG_COMPILER_APPICON_NAME = "App Icon & Top Shelf Image";
				CODE_SIGN_ENTITLEMENTS = MeetingTV/MeetingTV.entitlements;
				CODE_SIGN_STYLE = Automatic;
				DEVELOPMENT_TEAM = 3H798M6N3T;
				INFOPLIST_FILE = MeetingTV/Info.plist;
				LD_RUNPATH_SEARCH_PATHS = (
					"$(inherited)",
					"@executable_path/Frameworks",
				);
				PRODUCT_BUNDLE_IDENTIFIER = com.QuartetoFantastico.Meeting.tvOS;
				PRODUCT_NAME = "$(TARGET_NAME)";
				SWIFT_VERSION = 5.0;
				TARGETED_DEVICE_FAMILY = 3;
			};
			name = Debug;
		};
		49EB44D42387106A002F434D /* Release */ = {
			isa = XCBuildConfiguration;
			buildSettings = {
				ASSETCATALOG_COMPILER_APPICON_NAME = "App Icon & Top Shelf Image";
				CODE_SIGN_ENTITLEMENTS = MeetingTV/MeetingTV.entitlements;
				CODE_SIGN_STYLE = Automatic;
				DEVELOPMENT_TEAM = 3H798M6N3T;
				INFOPLIST_FILE = MeetingTV/Info.plist;
				LD_RUNPATH_SEARCH_PATHS = (
					"$(inherited)",
					"@executable_path/Frameworks",
				);
				PRODUCT_BUNDLE_IDENTIFIER = com.QuartetoFantastico.Meeting.tvOS;
				PRODUCT_NAME = "$(TARGET_NAME)";
				SWIFT_VERSION = 5.0;
				TARGETED_DEVICE_FAMILY = 3;
			};
			name = Release;
		};
/* End XCBuildConfiguration section */

/* Begin XCConfigurationList section */
		49EB44B823871068002F434D /* Build configuration list for PBXProject "MeetingTV" */ = {
			isa = XCConfigurationList;
			buildConfigurations = (
				49EB44D02387106A002F434D /* Debug */,
				49EB44D12387106A002F434D /* Release */,
			);
			defaultConfigurationIsVisible = 0;
			defaultConfigurationName = Release;
		};
		49EB44D22387106A002F434D /* Build configuration list for PBXNativeTarget "MeetingTV" */ = {
			isa = XCConfigurationList;
			buildConfigurations = (
				49EB44D32387106A002F434D /* Debug */,
				49EB44D42387106A002F434D /* Release */,
			);
			defaultConfigurationIsVisible = 0;
			defaultConfigurationName = Release;
		};
/* End XCConfigurationList section */

/* Begin XCVersionGroup section */
		49EB44C723871068002F434D /* MeetingTV.xcdatamodeld */ = {
			isa = XCVersionGroup;
			children = (
				49EB44C823871068002F434D /* MeetingTV.xcdatamodel */,
			);
			currentVersion = 49EB44C823871068002F434D /* MeetingTV.xcdatamodel */;
			path = MeetingTV.xcdatamodeld;
			sourceTree = "<group>";
			versionGroupType = wrapper.xcdatamodel;
		};
/* End XCVersionGroup section */
	};
	rootObject = 49EB44B523871068002F434D /* Project object */;
}
